
Microsoft Visual Studio Solution File, Format Version 12.00
# Visual Studio 2012
Project("{159641D6-6404-4A2A-AE62-294DE0FE8301}") = "Senao", "Integration Services Project7\Senao.dtproj", "{CAD8C9DB-0C66-4E44-9A8E-7F2B9596EF69}"
EndProject
Global
	GlobalSection(SolutionConfigurationPlatforms) = preSolution
		Development|Default = Development|Default
	EndGlobalSection
	GlobalSection(ProjectConfigurationPlatforms) = postSolution
		{CAD8C9DB-0C66-4E44-9A8E-7F2B9596EF69}.Development|Default.ActiveCfg = Development
		{CAD8C9DB-0C66-4E44-9A8E-7F2B9596EF69}.Development|Default.Build.0 = Development
	EndGlobalSection
	GlobalSection(SolutionProperties) = preSolution
		HideSolutionNode = FALSE
	EndGlobalSection
EndGlobal
