
Microsoft Visual Studio Solution File, Format Version 12.00
# Visual Studio 2012
Project("{159641D6-6404-4A2A-AE62-294DE0FE8301}") = "UK", "UK\UK.dtproj", "{FEE35F2F-E7AC-4A1A-BA3A-5F7EB670F544}"
EndProject
Global
	GlobalSection(SolutionConfigurationPlatforms) = preSolution
		Development|Default = Development|Default
	EndGlobalSection
	GlobalSection(ProjectConfigurationPlatforms) = postSolution
		{FEE35F2F-E7AC-4A1A-BA3A-5F7EB670F544}.Development|Default.ActiveCfg = Development
		{FEE35F2F-E7AC-4A1A-BA3A-5F7EB670F544}.Development|Default.Build.0 = Development
	EndGlobalSection
	GlobalSection(SolutionProperties) = preSolution
		HideSolutionNode = FALSE
	EndGlobalSection
EndGlobal
